
Microsoft Visual Studio Solution File, Format Version 12.00
# Visual Studio Version 17
VisualStudioVersion = 17.1.32407.343
MinimumVisualStudioVersion = 10.0.40219.1
Project("{FAE04EC0-301F-11D3-BF4B-00C04F79EFBC}") = "Task3withMethod", "Task3withMethod\Task3withMethod.csproj", "{13400D55-F3F2-44AC-A1AB-FAF1EB186573}"
EndProject
Global
	GlobalSection(SolutionConfigurationPlatforms) = preSolution
		Debug|Any CPU = Debug|Any CPU
		Release|Any CPU = Release|Any CPU
	EndGlobalSection
	GlobalSection(ProjectConfigurationPlatforms) = postSolution
		{13400D55-F3F2-44AC-A1AB-FAF1EB186573}.Debug|Any CPU.ActiveCfg = Debug|Any CPU
		{13400D55-F3F2-44AC-A1AB-FAF1EB186573}.Debug|Any CPU.Build.0 = Debug|Any CPU
		{13400D55-F3F2-44AC-A1AB-FAF1EB186573}.Release|Any CPU.ActiveCfg = Release|Any CPU
		{13400D55-F3F2-44AC-A1AB-FAF1EB186573}.Release|Any CPU.Build.0 = Release|Any CPU
	EndGlobalSection
	GlobalSection(SolutionProperties) = preSolution
		HideSolutionNode = FALSE
	EndGlobalSection
	GlobalSection(ExtensibilityGlobals) = postSolution
		SolutionGuid = {617A3C68-AD09-4B9F-8882-1563D0EBFB19}
	EndGlobalSection
EndGlobal
