
Microsoft Visual Studio Solution File, Format Version 12.00
# Visual Studio Version 17
VisualStudioVersion = 17.1.32407.343
MinimumVisualStudioVersion = 10.0.40219.1
Project("{FAE04EC0-301F-11D3-BF4B-00C04F79EFBC}") = "Task4", "Task4\Task4.csproj", "{4931FC3D-9A31-41E6-A8A3-71A3EFF3A582}"
EndProject
Global
	GlobalSection(SolutionConfigurationPlatforms) = preSolution
		Debug|Any CPU = Debug|Any CPU
		Release|Any CPU = Release|Any CPU
	EndGlobalSection
	GlobalSection(ProjectConfigurationPlatforms) = postSolution
		{4931FC3D-9A31-41E6-A8A3-71A3EFF3A582}.Debug|Any CPU.ActiveCfg = Debug|Any CPU
		{4931FC3D-9A31-41E6-A8A3-71A3EFF3A582}.Debug|Any CPU.Build.0 = Debug|Any CPU
		{4931FC3D-9A31-41E6-A8A3-71A3EFF3A582}.Release|Any CPU.ActiveCfg = Release|Any CPU
		{4931FC3D-9A31-41E6-A8A3-71A3EFF3A582}.Release|Any CPU.Build.0 = Release|Any CPU
	EndGlobalSection
	GlobalSection(SolutionProperties) = preSolution
		HideSolutionNode = FALSE
	EndGlobalSection
	GlobalSection(ExtensibilityGlobals) = postSolution
		SolutionGuid = {7DFDC88E-3EA3-4626-8194-43474E6651E4}
	EndGlobalSection
EndGlobal
