
Microsoft Visual Studio Solution File, Format Version 12.00
# Visual Studio Version 17
VisualStudioVersion = 17.1.32407.343
MinimumVisualStudioVersion = 10.0.40219.1
Project("{9A19103F-16F7-4668-BE54-9A1E7A4F7556}") = "ConsoleApp1", "ConsoleApp1.csproj", "{DF680908-EED3-47BC-AD73-9F727F8AE7DB}"
EndProject
Global
	GlobalSection(SolutionConfigurationPlatforms) = preSolution
		Debug|Any CPU = Debug|Any CPU
		Release|Any CPU = Release|Any CPU
	EndGlobalSection
	GlobalSection(ProjectConfigurationPlatforms) = postSolution
		{DF680908-EED3-47BC-AD73-9F727F8AE7DB}.Debug|Any CPU.ActiveCfg = Debug|Any CPU
		{DF680908-EED3-47BC-AD73-9F727F8AE7DB}.Debug|Any CPU.Build.0 = Debug|Any CPU
		{DF680908-EED3-47BC-AD73-9F727F8AE7DB}.Release|Any CPU.ActiveCfg = Release|Any CPU
		{DF680908-EED3-47BC-AD73-9F727F8AE7DB}.Release|Any CPU.Build.0 = Release|Any CPU
	EndGlobalSection
	GlobalSection(SolutionProperties) = preSolution
		HideSolutionNode = FALSE
	EndGlobalSection
	GlobalSection(ExtensibilityGlobals) = postSolution
		SolutionGuid = {BA85F317-7EDB-411A-8A36-B78271A021C7}
	EndGlobalSection
EndGlobal
